
Microsoft Visual Studio Solution File, Format Version 10.00
# Visual Studio 2008
Project("{F184B08F-C81C-45F6-A57F-5ABD9991F28F}") = "ElimArqDupl", "ElimArqDupl\ElimArqDupl.vbproj", "{5710550D-9C6E-41D9-B876-1D119C2C0BDA}"
EndProject
Global
	GlobalSection(SolutionConfigurationPlatforms) = preSolution
		Debug|Any CPU = Debug|Any CPU
		Release|Any CPU = Release|Any CPU
	EndGlobalSection
	GlobalSection(ProjectConfigurationPlatforms) = postSolution
		{5710550D-9C6E-41D9-B876-1D119C2C0BDA}.Debug|Any CPU.ActiveCfg = Debug|Any CPU
		{5710550D-9C6E-41D9-B876-1D119C2C0BDA}.Debug|Any CPU.Build.0 = Debug|Any CPU
		{5710550D-9C6E-41D9-B876-1D119C2C0BDA}.Release|Any CPU.ActiveCfg = Release|Any CPU
		{5710550D-9C6E-41D9-B876-1D119C2C0BDA}.Release|Any CPU.Build.0 = Release|Any CPU
	EndGlobalSection
	GlobalSection(SolutionProperties) = preSolution
		HideSolutionNode = FALSE
	EndGlobalSection
EndGlobal
